
Microsoft Visual Studio Solution File, Format Version 12.00
# Visual Studio 15
VisualStudioVersion = 15.0.28307.1209
MinimumVisualStudioVersion = 10.0.40219.1
Project("{FAE04EC0-301F-11D3-BF4B-00C04F79EFBC}") = "WindowsFormsApp1011", "WindowsFormsApp1011\WindowsFormsApp1011.csproj", "{879346D7-868F-4499-B975-6D68103FFE4C}"
EndProject
Global
	GlobalSection(SolutionConfigurationPlatforms) = preSolution
		Debug|Any CPU = Debug|Any CPU
		Release|Any CPU = Release|Any CPU
	EndGlobalSection
	GlobalSection(ProjectConfigurationPlatforms) = postSolution
		{879346D7-868F-4499-B975-6D68103FFE4C}.Debug|Any CPU.ActiveCfg = Debug|Any CPU
		{879346D7-868F-4499-B975-6D68103FFE4C}.Debug|Any CPU.Build.0 = Debug|Any CPU
		{879346D7-868F-4499-B975-6D68103FFE4C}.Release|Any CPU.ActiveCfg = Release|Any CPU
		{879346D7-868F-4499-B975-6D68103FFE4C}.Release|Any CPU.Build.0 = Release|Any CPU
	EndGlobalSection
	GlobalSection(SolutionProperties) = preSolution
		HideSolutionNode = FALSE
	EndGlobalSection
	GlobalSection(ExtensibilityGlobals) = postSolution
		SolutionGuid = {87EA8AFF-F205-4D38-8D74-E7B058469CAB}
	EndGlobalSection
EndGlobal
